
Microsoft Visual Studio Solution File, Format Version 12.00
# Visual Studio Version 17
VisualStudioVersion = 17.14.36518.9 d17.14
MinimumVisualStudioVersion = 10.0.40219.1
Project("{FAE04EC0-301F-11D3-BF4B-00C04F79EFBC}") = "Exercicio12", "Exercicio12\Exercicio12.csproj", "{9EEE403F-CEB8-4C87-833A-9A23A90C6B1F}"
EndProject
Project("{FAE04EC0-301F-11D3-BF4B-00C04F79EFBC}") = "WinFormsApp1", "WinFormsApp1\WinFormsApp1.csproj", "{70422B11-84FC-4611-8143-CF5C1B70CFBB}"
EndProject
Global
	GlobalSection(SolutionConfigurationPlatforms) = preSolution
		Debug|Any CPU = Debug|Any CPU
		Release|Any CPU = Release|Any CPU
	EndGlobalSection
	GlobalSection(ProjectConfigurationPlatforms) = postSolution
		{9EEE403F-CEB8-4C87-833A-9A23A90C6B1F}.Debug|Any CPU.ActiveCfg = Debug|Any CPU
		{9EEE403F-CEB8-4C87-833A-9A23A90C6B1F}.Debug|Any CPU.Build.0 = Debug|Any CPU
		{9EEE403F-CEB8-4C87-833A-9A23A90C6B1F}.Release|Any CPU.ActiveCfg = Release|Any CPU
		{9EEE403F-CEB8-4C87-833A-9A23A90C6B1F}.Release|Any CPU.Build.0 = Release|Any CPU
		{70422B11-84FC-4611-8143-CF5C1B70CFBB}.Debug|Any CPU.ActiveCfg = Debug|Any CPU
		{70422B11-84FC-4611-8143-CF5C1B70CFBB}.Debug|Any CPU.Build.0 = Debug|Any CPU
		{70422B11-84FC-4611-8143-CF5C1B70CFBB}.Release|Any CPU.ActiveCfg = Release|Any CPU
		{70422B11-84FC-4611-8143-CF5C1B70CFBB}.Release|Any CPU.Build.0 = Release|Any CPU
	EndGlobalSection
	GlobalSection(SolutionProperties) = preSolution
		HideSolutionNode = FALSE
	EndGlobalSection
	GlobalSection(ExtensibilityGlobals) = postSolution
		SolutionGuid = {596F7342-DD61-4A00-A6FF-87D167CA92BB}
	EndGlobalSection
EndGlobal
